// !$*UTF8*$!
{
	archiveVersion = 1;
	classes = {
	};
	objectVersion = 50;
	objects = {

/* Begin PBXBuildFile section */
		7183FDB921AC22A900DAFF37 /* AppDelegate.swift in Sources */ = {isa = PBXBuildFile; fileRef = 7183FDB821AC22A900DAFF37 /* AppDelegate.swift */; };
		7183FDBB21AC22A900DAFF37 /* ViewController.swift in Sources */ = {isa = PBXBuildFile; fileRef = 7183FDBA21AC22A900DAFF37 /* ViewController.swift */; };
		7183FDBE21AC22A900DAFF37 /* Main.storyboard in Resources */ = {isa = PBXBuildFile; fileRef = 7183FDBC21AC22A900DAFF37 /* Main.storyboard */; };
		7183FDC021AC22B900DAFF37 /* Assets.xcassets in Resources */ = {isa = PBXBuildFile; fileRef = 7183FDBF21AC22B900DAFF37 /* Assets.xcassets */; };
		7183FDC321AC22B900DAFF37 /* LaunchScreen.storyboard in Resources */ = {isa = PBXBuildFile; fileRef = 7183FDC121AC22B900DAFF37 /* LaunchScreen.storyboard */; };
		7183FDCB21AC452700DAFF37 /* hqdefault.jpg in Resources */ = {isa = PBXBuildFile; fileRef = 7183FDCA21AC452700DAFF37 /* hqdefault.jpg */; };
		7183FDCD21AC45A300DAFF37 /* pirates.jpg in Resources */ = {isa = PBXBuildFile; fileRef = 7183FDCC21AC45A300DAFF37 /* pirates.jpg */; };
		7183FDCF21AC4DDA00DAFF37 /* SecondViewController.swift in Sources */ = {isa = PBXBuildFile; fileRef = 7183FDCE21AC4DDA00DAFF37 /* SecondViewController.swift */; };
/* End PBXBuildFile section */

/* Begin PBXFileReference section */
		7183FDB521AC22A800DAFF37 /* lastLecture.app */ = {isa = PBXFileReference; explicitFileType = wrapper.application; includeInIndex = 0; path = lastLecture.app; sourceTree = BUILT_PRODUCTS_DIR; };
		7183FDB821AC22A900DAFF37 /* AppDelegate.swift */ = {isa = PBXFileReference; lastKnownFileType = sourcecode.swift; path = AppDelegate.swift; sourceTree = "<group>"; };
		7183FDBA21AC22A900DAFF37 /* ViewController.swift */ = {isa = PBXFileReference; lastKnownFileType = sourcecode.swift; path = ViewController.swift; sourceTree = "<group>"; };
		7183FDBD21AC22A900DAFF37 /* Base */ = {isa = PBXFileReference; lastKnownFileType = file.storyboard; name = Base; path = Base.lproj/Main.storyboard; sourceTree = "<group>"; };
		7183FDBF21AC22B900DAFF37 /* Assets.xcassets */ = {isa = PBXFileReference; lastKnownFileType = folder.assetcatalog; path = Assets.xcassets; sourceTree = "<group>"; };
		7183FDC221AC22B900DAFF37 /* Base */ = {isa = PBXFileReference; lastKnownFileType = file.storyboard; name = Base; path = Base.lproj/LaunchScreen.storyboard; sourceTree = "<group>"; };
		7183FDC421AC22B900DAFF37 /* Info.plist */ = {isa = PBXFileReference; lastKnownFileType = text.plist.xml; path = Info.plist; sourceTree = "<group>"; };
		7183FDCA21AC452700DAFF37 /* hqdefault.jpg */ = {isa = PBXFileReference; lastKnownFileType = image.jpeg; path = hqdefault.jpg; sourceTree = "<group>"; };
		7183FDCC21AC45A300DAFF37 /* pirates.jpg */ = {isa = PBXFileReference; lastKnownFileType = image.jpeg; path = pirates.jpg; sourceTree = "<group>"; };
		7183FDCE21AC4DDA00DAFF37 /* SecondViewController.swift */ = {isa = PBXFileReference; lastKnownFileType = sourcecode.swift; path = SecondViewController.swift; sourceTree = "<group>"; };
/* End PBXFileReference section */

/* Begin PBXFrameworksBuildPhase section */
		7183FDB221AC22A800DAFF37 /* Frameworks */ = {
			isa = PBXFrameworksBuildPhase;
			buildActionMask = 2147483647;
			files = (
			);
			runOnlyForDeploymentPostprocessing = 0;
		};
/* End PBXFrameworksBuildPhase section */

/* Begin PBXGroup section */
		7183FDAC21AC22A700DAFF37 = {
			isa = PBXGroup;
			children = (
				7183FDB721AC22A800DAFF37 /* lastLecture */,
				7183FDB621AC22A800DAFF37 /* Products */,
			);
			sourceTree = "<group>";
		};
		7183FDB621AC22A800DAFF37 /* Products */ = {
			isa = PBXGroup;
			children = (
				7183FDB521AC22A800DAFF37 /* lastLecture.app */,
			);
			name = Products;
			sourceTree = "<group>";
		};
		7183FDB721AC22A800DAFF37 /* lastLecture */ = {
			isa = PBXGroup;
			children = (
				7183FDB821AC22A900DAFF37 /* AppDelegate.swift */,
				7183FDBA21AC22A900DAFF37 /* ViewController.swift */,
				7183FDBC21AC22A900DAFF37 /* Main.storyboard */,
				7183FDBF21AC22B900DAFF37 /* Assets.xcassets */,
				7183FDCC21AC45A300DAFF37 /* pirates.jpg */,
				7183FDCA21AC452700DAFF37 /* hqdefault.jpg */,
				7183FDC121AC22B900DAFF37 /* LaunchScreen.storyboard */,
				7183FDC421AC22B900DAFF37 /* Info.plist */,
				7183FDCE21AC4DDA00DAFF37 /* SecondViewController.swift */,
			);
			path = lastLecture;
			sourceTree = "<group>";
		};
/* End PBXGroup section */

/* Begin PBXNativeTarget section */
		7183FDB421AC22A800DAFF37 /* lastLecture */ = {
			isa = PBXNativeTarget;
			buildConfigurationList = 7183FDC721AC22B900DAFF37 /* Build configuration list for PBXNativeTarget "lastLecture" */;
			buildPhases = (
				7183FDB121AC22A800DAFF37 /* Sources */,
				7183FDB221AC22A800DAFF37 /* Frameworks */,
				7183FDB321AC22A800DAFF37 /* Resources */,
			);
			buildRules = (
			);
			dependencies = (
			);
			name = lastLecture;
			productName = lastLecture;
			productReference = 7183FDB521AC22A800DAFF37 /* lastLecture.app */;
			productType = "com.apple.product-type.application";
		};
/* End PBXNativeTarget section */

/* Begin PBXProject section */
		7183FDAD21AC22A800DAFF37 /* Project object */ = {
			isa = PBXProject;
			attributes = {
				LastSwiftUpdateCheck = 1000;
				LastUpgradeCheck = 1000;
				ORGANIZATIONNAME = ASU;
				TargetAttributes = {
					7183FDB421AC22A800DAFF37 = {
						CreatedOnToolsVersion = 10.0;
					};
				};
			};
			buildConfigurationList = 7183FDB021AC22A800DAFF37 /* Build configuration list for PBXProject "lastLecture" */;
			compatibilityVersion = "Xcode 9.3";
			developmentRegion = en;
			hasScannedForEncodings = 0;
			knownRegions = (
				en,
				Base,
			);
			mainGroup = 7183FDAC21AC22A700DAFF37;
			productRefGroup = 7183FDB621AC22A800DAFF37 /* Products */;
			projectDirPath = "";
			projectRoot = "";
			targets = (
				7183FDB421AC22A800DAFF37 /* lastLecture */,
			);
		};
/* End PBXProject section */

/* Begin PBXResourcesBuildPhase section */
		7183FDB321AC22A800DAFF37 /* Resources */ = {
			isa = PBXResourcesBuildPhase;
			buildActionMask = 2147483647;
			files = (
				7183FDC321AC22B900DAFF37 /* LaunchScreen.storyboard in Resources */,
				7183FDC021AC22B900DAFF37 /* Assets.xcassets in Resources */,
				7183FDCB21AC452700DAFF37 /* hqdefault.jpg in Resources */,
				7183FDBE21AC22A900DAFF37 /* Main.storyboard in Resources */,
				7183FDCD21AC45A300DAFF37 /* pirates.jpg in Resources */,
			);
			runOnlyForDeploymentPostprocessing = 0;
		};
/* End PBXResourcesBuildPhase section */

/* Begin PBXSourcesBuildPhase section */
		7183FDB121AC22A800DAFF37 /* Sources */ = {
			isa = PBXSourcesBuildPhase;
			buildActionMask = 2147483647;
			files = (
				7183FDCF21AC4DDA00DAFF37 /* SecondViewController.swift in Sources */,
				7183FDBB21AC22A900DAFF37 /* ViewController.swift in Sources */,
				7183FDB921AC22A900DAFF37 /* AppDelegate.swift in Sources */,
			);
			runOnlyForDeploymentPostprocessing = 0;
		};
/* End PBXSourcesBuildPhase section */

/* Begin PBXVariantGroup section */
		7183FDBC21AC22A900DAFF37 /* Main.storyboard */ = {
			isa = PBXVariantGroup;
			children = (
				7183FDBD21AC22A900DAFF37 /* Base */,
			);
			name = Main.storyboard;
			sourceTree = "<group>";
		};
		7183FDC121AC22B900DAFF37 /* LaunchScreen.storyboard */ = {
			isa = PBXVariantGroup;
			children = (
				7183FDC221AC22B900DAFF37 /* Base */,
			);
			name = LaunchScreen.storyboard;
			sourceTree = "<group>";
		};
/* End PBXVariantGroup section */

/* Begin XCBuildConfiguration section */
		7183FDC521AC22B900DAFF37 /* Debug */ = {
			isa = XCBuildConfiguration;
			buildSettings = {
				ALWAYS_SEARCH_USER_PATHS = NO;
				CLANG_ANALYZER_NONNULL = YES;
				CLANG_ANALYZER_NUMBER_OBJECT_CONVERSION = YES_AGGRESSIVE;
				CLANG_CXX_LANGUAGE_STANDARD = "gnu++14";
				CLANG_CXX_LIBRARY = "libc++";
				CLANG_ENABLE_MODULES = YES;
				CLANG_ENABLE_OBJC_ARC = YES;
				CLANG_ENABLE_OBJC_WEAK = YES;
				CLANG_WARN_BLOCK_CAPTURE_AUTORELEASING = YES;
				CLANG_WARN_BOOL_CONVERSION = YES;
				CLANG_WARN_COMMA = YES;
				CLANG_WARN_CONSTANT_CONVERSION = YES;
				CLANG_WARN_DEPRECATED_OBJC_IMPLEMENTATIONS = YES;
				CLANG_WARN_DIRECT_OBJC_ISA_USAGE = YES_ERROR;
				CLANG_WARN_DOCUMENTATION_COMMENTS = YES;
				CLANG_WARN_EMPTY_BODY = YES;
				CLANG_WARN_ENUM_CONVERSION = YES;
				CLANG_WARN_INFINITE_RECURSION = YES;
				CLANG_WARN_INT_CONVERSION = YES;
				CLANG_WARN_NON_LITERAL_NULL_CONVERSION = YES;
				CLANG_WARN_OBJC_IMPLICIT_RETAIN_SELF = YES;
				CLANG_WARN_OBJC_LITERAL_CONVERSION = YES;
				CLANG_WARN_OBJC_ROOT_CLASS = YES_ERROR;
				CLANG_WARN_RANGE_LOOP_ANALYSIS = YES;
				CLANG_WARN_STRICT_PROTOTYPES = YES;
				CLANG_WARN_SUSPICIOUS_MOVE = YES;
				CLANG_WARN_UNGUARDED_AVAILABILITY = YES_AGGRESSIVE;
				CLANG_WARN_UNREACHABLE_CODE = YES;
				CLANG_WARN__DUPLICATE_METHOD_MATCH = YES;
				CODE_SIGN_IDENTITY = "iPhone Developer";
				COPY_PHASE_STRIP = NO;
				DEBUG_INFORMATION_FORMAT = dwarf;
				ENABLE_STRICT_OBJC_MSGSEND = YES;
				ENABLE_TESTABILITY = YES;
				GCC_C_LANGUAGE_STANDARD = gnu11;
				GCC_DYNAMIC_NO_PIC = NO;
				GCC_NO_COMMON_BLOCKS = YES;
				GCC_OPTIMIZATION_LEVEL = 0;
				GCC_PREPROCESSOR_DEFINITIONS = (
					"DEBUG=1",
					"$(inherited)",
				);
				GCC_WARN_64_TO_32_BIT_CONVERSION = YES;
				GCC_WARN_ABOUT_RETURN_TYPE = YES_ERROR;
				GCC_WARN_UNDECLARED_SELECTOR = YES;
				GCC_WARN_UNINITIALIZED_AUTOS = YES_AGGRESSIVE;
				GCC_WARN_UNUSED_FUNCTION = YES;
				GCC_WARN_UNUSED_VARIABLE = YES;
				IPHONEOS_DEPLOYMENT_TARGET = 12.0;
				MTL_ENABLE_DEBUG_INFO = INCLUDE_SOURCE;
				MTL_FAST_MATH = YES;
				ONLY_ACTIVE_ARCH = YES;
				SDKROOT = iphoneos;
				SWIFT_ACTIVE_COMPILATION_CONDITIONS = DEBUG;
				SWIFT_OPTIMIZATION_LEVEL = "-Onone";
			};
			name = Debug;
		};
		7183FDC621AC22B900DAFF37 /* Release */ = {
			isa = XCBuildConfiguration;
			buildSettings = {
				ALWAYS_SEARCH_USER_PATHS = NO;
				CLANG_ANALYZER_NONNULL = YES;
				CLANG_ANALYZER_NUMBER_OBJECT_CONVERSION = YES_AGGRESSIVE;
				CLANG_CXX_LANGUAGE_STANDARD = "gnu++14";
				CLANG_CXX_LIBRARY = "libc++";
				CLANG_ENABLE_MODULES = YES;
				CLANG_ENABLE_OBJC_ARC = YES;
				CLANG_ENABLE_OBJC_WEAK = YES;
				CLANG_WARN_BLOCK_CAPTURE_AUTORELEASING = YES;
				CLANG_WARN_BOOL_CONVERSION = YES;
				CLANG_WARN_COMMA = YES;
				CLANG_WARN_CONSTANT_CONVERSION = YES;
				CLANG_WARN_DEPRECATED_OBJC_IMPLEMENTATIONS = YES;
				CLANG_WARN_DIRECT_OBJC_ISA_USAGE = YES_ERROR;
				CLANG_WARN_DOCUMENTATION_COMMENTS = YES;
				CLANG_WARN_EMPTY_BODY = YES;
				CLANG_WARN_ENUM_CONVERSION = YES;
				CLANG_WARN_INFINITE_RECURSION = YES;
				CLANG_WARN_INT_CONVERSION = YES;
				CLANG_WARN_NON_LITERAL_NULL_CONVERSION = YES;
				CLANG_WARN_OBJC_IMPLICIT_RETAIN_SELF = YES;
				CLANG_WARN_OBJC_LITERAL_CONVERSION = YES;
				CLANG_WARN_OBJC_ROOT_CLASS = YES_ERROR;
				CLANG_WARN_RANGE_LOOP_ANALYSIS = YES;
				CLANG_WARN_STRICT_PROTOTYPES = YES;
				CLANG_WARN_SUSPICIOUS_MOVE = YES;
				CLANG_WARN_UNGUARDED_AVAILABILITY = YES_AGGRESSIVE;
				CLANG_WARN_UNREACHABLE_CODE = YES;
				CLANG_WARN__DUPLICATE_METHOD_MATCH = YES;
				CODE_SIGN_IDENTITY = "iPhone Developer";
				COPY_PHASE_STRIP = NO;
				DEBUG_INFORMATION_FORMAT = "dwarf-with-dsym";
				ENABLE_NS_ASSERTIONS = NO;
				ENABLE_STRICT_OBJC_MSGSEND = YES;
				GCC_C_LANGUAGE_STANDARD = gnu11;
				GCC_NO_COMMON_BLOCKS = YES;
				GCC_WARN_64_TO_32_BIT_CONVERSION = YES;
				GCC_WARN_ABOUT_RETURN_TYPE = YES_ERROR;
				GCC_WARN_UNDECLARED_SELECTOR = YES;
				GCC_WARN_UNINITIALIZED_AUTOS = YES_AGGRESSIVE;
				GCC_WARN_UNUSED_FUNCTION = YES;
				GCC_WARN_UNUSED_VARIABLE = YES;
				IPHONEOS_DEPLOYMENT_TARGET = 12.0;
				MTL_ENABLE_DEBUG_INFO = NO;
				MTL_FAST_MATH = YES;
				SDKROOT = iphoneos;
				SWIFT_COMPILATION_MODE = wholemodule;
				SWIFT_OPTIMIZATION_LEVEL = "-O";
				VALIDATE_PRODUCT = YES;
			};
			name = Release;
		};
		7183FDC821AC22B900DAFF37 /* Debug */ = {
			isa = XCBuildConfiguration;
			buildSettings = {
				ASSETCATALOG_COMPILER_APPICON_NAME = AppIcon;
				CODE_SIGN_STYLE = Automatic;
				INFOPLIST_FILE = lastLecture/Info.plist;
				LD_RUNPATH_SEARCH_PATHS = (
					"$(inherited)",
					"@executable_path/Frameworks",
				);
				PRODUCT_BUNDLE_IDENTIFIER = com.Ogla.lastLecture;
				PRODUCT_NAME = "$(TARGET_NAME)";
				SWIFT_VERSION = 4.2;
				TARGETED_DEVICE_FAMILY = "1,2";
			};
			name = Debug;
		};
		7183FDC921AC22B900DAFF37 /* Release */ = {
			isa = XCBuildConfiguration;
			buildSettings = {
				ASSETCATALOG_COMPILER_APPICON_NAME = AppIcon;
				CODE_SIGN_STYLE = Automatic;
				INFOPLIST_FILE = lastLecture/Info.plist;
				LD_RUNPATH_SEARCH_PATHS = (
					"$(inherited)",
					"@executable_path/Frameworks",
				);
				PRODUCT_BUNDLE_IDENTIFIER = com.Ogla.lastLecture;
				PRODUCT_NAME = "$(TARGET_NAME)";
				SWIFT_VERSION = 4.2;
				TARGETED_DEVICE_FAMILY = "1,2";
			};
			name = Release;
		};
/* End XCBuildConfiguration section */

/* Begin XCConfigurationList section */
		7183FDB021AC22A800DAFF37 /* Build configuration list for PBXProject "lastLecture" */ = {
			isa = XCConfigurationList;
			buildConfigurations = (
				7183FDC521AC22B900DAFF37 /* Debug */,
				7183FDC621AC22B900DAFF37 /* Release */,
			);
			defaultConfigurationIsVisible = 0;
			defaultConfigurationName = Release;
		};
		7183FDC721AC22B900DAFF37 /* Build configuration list for PBXNativeTarget "lastLecture" */ = {
			isa = XCConfigurationList;
			buildConfigurations = (
				7183FDC821AC22B900DAFF37 /* Debug */,
				7183FDC921AC22B900DAFF37 /* Release */,
			);
			defaultConfigurationIsVisible = 0;
			defaultConfigurationName = Release;
		};
/* End XCConfigurationList section */
	};
	rootObject = 7183FDAD21AC22A800DAFF37 /* Project object */;
}
